Microsoft Visual Studio Solution File, Format Version 12.00
# Visual Studio Version 17
VisualStudioVersion = 17.5.2.0
MinimumVisualStudioVersion = 10.0.40219.1
Project("{FAE04EC0-301F-11D3-BF4B-00C04F79EFBC}") = "FallDetection.Analytics", "FallDetection.Analytics\FallDetection.Analytics.csproj", "{6FEA8F67-B6F5-6EB7-9E4E-E3A5105D2527}"
EndProject
Global
	GlobalSection(SolutionConfigurationPlatforms) = preSolution
		Debug|Any CPU = Debug|Any CPU
		Release|Any CPU = Release|Any CPU
	EndGlobalSection
	GlobalSection(ProjectConfigurationPlatforms) = postSolution
		{6FEA8F67-B6F5-6EB7-9E4E-E3A5105D2527}.Debug|Any CPU.ActiveCfg = Debug|Any CPU
		{6FEA8F67-B6F5-6EB7-9E4E-E3A5105D2527}.Debug|Any CPU.Build.0 = Debug|Any CPU
		{6FEA8F67-B6F5-6EB7-9E4E-E3A5105D2527}.Release|Any CPU.ActiveCfg = Release|Any CPU
		{6FEA8F67-B6F5-6EB7-9E4E-E3A5105D2527}.Release|Any CPU.Build.0 = Release|Any CPU
	EndGlobalSection
	GlobalSection(SolutionProperties) = preSolution
		HideSolutionNode = FALSE
	EndGlobalSection
	GlobalSection(ExtensibilityGlobals) = postSolution
		SolutionGuid = {B82E7CEB-FC21-47F3-9F2D-E02B931034C4}
	EndGlobalSection
EndGlobal
